// !$*UTF8*$!
{
	archiveVersion = 1;
	classes = {
	};
	objectVersion = 56;
	objects = {

/* Begin PBXBuildFile section */
		3E01E7392A903ADC00282C83 /* HomeScreenRickandMorty.swift in Sources */ = {isa = PBXBuildFile; fileRef = 3E01E7382A903ADC00282C83 /* HomeScreenRickandMorty.swift */; };
		3E01E73C2A903AFC00282C83 /* Detail_View.swift in Sources */ = {isa = PBXBuildFile; fileRef = 3E01E73B2A903AFC00282C83 /* Detail_View.swift */; };
		3E01E73E2A903B8800282C83 /* CardView.swift in Sources */ = {isa = PBXBuildFile; fileRef = 3E01E73D2A903B8800282C83 /* CardView.swift */; };
		3E01E7402A91B64600282C83 /* SplashScreen.swift in Sources */ = {isa = PBXBuildFile; fileRef = 3E01E73F2A91B64600282C83 /* SplashScreen.swift */; };
		3EB66B422A0BF0D60020AC51 /* async_await_task_delay.swift in Sources */ = {isa = PBXBuildFile; fileRef = 3EB66B412A0BF0D60020AC51 /* async_await_task_delay.swift */; };
		3EB66B452A0C79360020AC51 /* TaskBootCamp.swift in Sources */ = {isa = PBXBuildFile; fileRef = 3EB66B442A0C79360020AC51 /* TaskBootCamp.swift */; };
		3ED700F429F9273900DA3E60 /* Swift_ConcurrencyApp.swift in Sources */ = {isa = PBXBuildFile; fileRef = 3ED700F329F9273900DA3E60 /* Swift_ConcurrencyApp.swift */; };
		3ED700F629F9273900DA3E60 /* ContentView.swift in Sources */ = {isa = PBXBuildFile; fileRef = 3ED700F529F9273900DA3E60 /* ContentView.swift */; };
		3ED700F829F9273A00DA3E60 /* Assets.xcassets in Resources */ = {isa = PBXBuildFile; fileRef = 3ED700F729F9273A00DA3E60 /* Assets.xcassets */; };
		3ED700FB29F9273A00DA3E60 /* Preview Assets.xcassets in Resources */ = {isa = PBXBuildFile; fileRef = 3ED700FA29F9273A00DA3E60 /* Preview Assets.xcassets */; };
		3ED7010329F927B500DA3E60 /* Escaping_Combine_asyncDownload.swift in Sources */ = {isa = PBXBuildFile; fileRef = 3ED7010229F927B500DA3E60 /* Escaping_Combine_asyncDownload.swift */; };
/* End PBXBuildFile section */

/* Begin PBXFileReference section */
		3E01E7382A903ADC00282C83 /* HomeScreenRickandMorty.swift */ = {isa = PBXFileReference; lastKnownFileType = sourcecode.swift; path = HomeScreenRickandMorty.swift; sourceTree = "<group>"; };
		3E01E73B2A903AFC00282C83 /* Detail_View.swift */ = {isa = PBXFileReference; lastKnownFileType = sourcecode.swift; path = Detail_View.swift; sourceTree = "<group>"; };
		3E01E73D2A903B8800282C83 /* CardView.swift */ = {isa = PBXFileReference; lastKnownFileType = sourcecode.swift; path = CardView.swift; sourceTree = "<group>"; };
		3E01E73F2A91B64600282C83 /* SplashScreen.swift */ = {isa = PBXFileReference; lastKnownFileType = sourcecode.swift; path = SplashScreen.swift; sourceTree = "<group>"; };
		3EB66B412A0BF0D60020AC51 /* async_await_task_delay.swift */ = {isa = PBXFileReference; lastKnownFileType = sourcecode.swift; path = async_await_task_delay.swift; sourceTree = "<group>"; };
		3EB66B442A0C79360020AC51 /* TaskBootCamp.swift */ = {isa = PBXFileReference; lastKnownFileType = sourcecode.swift; path = TaskBootCamp.swift; sourceTree = "<group>"; };
		3ED700F029F9273900DA3E60 /* Swift_Concurrency.app */ = {isa = PBXFileReference; explicitFileType = wrapper.application; includeInIndex = 0; path = Swift_Concurrency.app; sourceTree = BUILT_PRODUCTS_DIR; };
		3ED700F329F9273900DA3E60 /* Swift_ConcurrencyApp.swift */ = {isa = PBXFileReference; lastKnownFileType = sourcecode.swift; path = Swift_ConcurrencyApp.swift; sourceTree = "<group>"; };
		3ED700F529F9273900DA3E60 /* ContentView.swift */ = {isa = PBXFileReference; lastKnownFileType = sourcecode.swift; path = ContentView.swift; sourceTree = "<group>"; };
		3ED700F729F9273A00DA3E60 /* Assets.xcassets */ = {isa = PBXFileReference; lastKnownFileType = folder.assetcatalog; path = Assets.xcassets; sourceTree = "<group>"; };
		3ED700FA29F9273A00DA3E60 /* Preview Assets.xcassets */ = {isa = PBXFileReference; lastKnownFileType = folder.assetcatalog; path = "Preview Assets.xcassets"; sourceTree = "<group>"; };
		3ED7010229F927B500DA3E60 /* Escaping_Combine_asyncDownload.swift */ = {isa = PBXFileReference; lastKnownFileType = sourcecode.swift; path = Escaping_Combine_asyncDownload.swift; sourceTree = "<group>"; };
/* End PBXFileReference section */

/* Begin PBXFrameworksBuildPhase section */
		3ED700ED29F9273900DA3E60 /* Frameworks */ = {
			isa = PBXFrameworksBuildPhase;
			buildActionMask = 2147483647;
			files = (
			);
			runOnlyForDeploymentPostprocessing = 0;
		};
/* End PBXFrameworksBuildPhase section */

/* Begin PBXGroup section */
		3E01E73A2A903AE500282C83 /* Your Works */ = {
			isa = PBXGroup;
			children = (
				3E01E7382A903ADC00282C83 /* HomeScreenRickandMorty.swift */,
				3E01E73B2A903AFC00282C83 /* Detail_View.swift */,
				3E01E73D2A903B8800282C83 /* CardView.swift */,
				3E01E73F2A91B64600282C83 /* SplashScreen.swift */,
			);
			path = "Your Works";
			sourceTree = "<group>";
		};
		3EB66B402A0BF0710020AC51 /* Lecture 3 */ = {
			isa = PBXGroup;
			children = (
				3EB66B412A0BF0D60020AC51 /* async_await_task_delay.swift */,
			);
			path = "Lecture 3";
			sourceTree = "<group>";
		};
		3EB66B432A0C79150020AC51 /* Lecture 4 Task */ = {
			isa = PBXGroup;
			children = (
				3EB66B442A0C79360020AC51 /* TaskBootCamp.swift */,
			);
			path = "Lecture 4 Task";
			sourceTree = "<group>";
		};
		3ED700E729F9273900DA3E60 = {
			isa = PBXGroup;
			children = (
				3ED700F229F9273900DA3E60 /* Swift_Concurrency */,
				3ED700F129F9273900DA3E60 /* Products */,
			);
			sourceTree = "<group>";
		};
		3ED700F129F9273900DA3E60 /* Products */ = {
			isa = PBXGroup;
			children = (
				3ED700F029F9273900DA3E60 /* Swift_Concurrency.app */,
			);
			name = Products;
			sourceTree = "<group>";
		};
		3ED700F229F9273900DA3E60 /* Swift_Concurrency */ = {
			isa = PBXGroup;
			children = (
				3E01E73A2A903AE500282C83 /* Your Works */,
				3ED7010129F9278000DA3E60 /* lecture 2 */,
				3EB66B402A0BF0710020AC51 /* Lecture 3 */,
				3EB66B432A0C79150020AC51 /* Lecture 4 Task */,
				3ED700F329F9273900DA3E60 /* Swift_ConcurrencyApp.swift */,
				3ED700F529F9273900DA3E60 /* ContentView.swift */,
				3ED700F729F9273A00DA3E60 /* Assets.xcassets */,
				3ED700F929F9273A00DA3E60 /* Preview Content */,
			);
			path = Swift_Concurrency;
			sourceTree = "<group>";
		};
		3ED700F929F9273A00DA3E60 /* Preview Content */ = {
			isa = PBXGroup;
			children = (
				3ED700FA29F9273A00DA3E60 /* Preview Assets.xcassets */,
			);
			path = "Preview Content";
			sourceTree = "<group>";
		};
		3ED7010129F9278000DA3E60 /* lecture 2 */ = {
			isa = PBXGroup;
			children = (
				3ED7010229F927B500DA3E60 /* Escaping_Combine_asyncDownload.swift */,
			);
			path = "lecture 2";
			sourceTree = "<group>";
		};
/* End PBXGroup section */

/* Begin PBXNativeTarget section */
		3ED700EF29F9273900DA3E60 /* Swift_Concurrency */ = {
			isa = PBXNativeTarget;
			buildConfigurationList = 3ED700FE29F9273A00DA3E60 /* Build configuration list for PBXNativeTarget "Swift_Concurrency" */;
			buildPhases = (
				3ED700EC29F9273900DA3E60 /* Sources */,
				3ED700ED29F9273900DA3E60 /* Frameworks */,
				3ED700EE29F9273900DA3E60 /* Resources */,
			);
			buildRules = (
			);
			dependencies = (
			);
			name = Swift_Concurrency;
			productName = Swift_Concurrency;
			productReference = 3ED700F029F9273900DA3E60 /* Swift_Concurrency.app */;
			productType = "com.apple.product-type.application";
		};
/* End PBXNativeTarget section */

/* Begin PBXProject section */
		3ED700E829F9273900DA3E60 /* Project object */ = {
			isa = PBXProject;
			attributes = {
				BuildIndependentTargetsInParallel = 1;
				LastSwiftUpdateCheck = 1420;
				LastUpgradeCheck = 1420;
				TargetAttributes = {
					3ED700EF29F9273900DA3E60 = {
						CreatedOnToolsVersion = 14.2;
					};
				};
			};
			buildConfigurationList = 3ED700EB29F9273900DA3E60 /* Build configuration list for PBXProject "Swift_Concurrency" */;
			compatibilityVersion = "Xcode 14.0";
			developmentRegion = en;
			hasScannedForEncodings = 0;
			knownRegions = (
				en,
				Base,
			);
			mainGroup = 3ED700E729F9273900DA3E60;
			productRefGroup = 3ED700F129F9273900DA3E60 /* Products */;
			projectDirPath = "";
			projectRoot = "";
			targets = (
				3ED700EF29F9273900DA3E60 /* Swift_Concurrency */,
			);
		};
/* End PBXProject section */

/* Begin PBXResourcesBuildPhase section */
		3ED700EE29F9273900DA3E60 /* Resources */ = {
			isa = PBXResourcesBuildPhase;
			buildActionMask = 2147483647;
			files = (
				3ED700FB29F9273A00DA3E60 /* Preview Assets.xcassets in Resources */,
				3ED700F829F9273A00DA3E60 /* Assets.xcassets in Resources */,
			);
			runOnlyForDeploymentPostprocessing = 0;
		};
/* End PBXResourcesBuildPhase section */

/* Begin PBXSourcesBuildPhase section */
		3ED700EC29F9273900DA3E60 /* Sources */ = {
			isa = PBXSourcesBuildPhase;
			buildActionMask = 2147483647;
			files = (
				3E01E7402A91B64600282C83 /* SplashScreen.swift in Sources */,
				3EB66B452A0C79360020AC51 /* TaskBootCamp.swift in Sources */,
				3ED7010329F927B500DA3E60 /* Escaping_Combine_asyncDownload.swift in Sources */,
				3E01E73C2A903AFC00282C83 /* Detail_View.swift in Sources */,
				3ED700F629F9273900DA3E60 /* ContentView.swift in Sources */,
				3E01E7392A903ADC00282C83 /* HomeScreenRickandMorty.swift in Sources */,
				3EB66B422A0BF0D60020AC51 /* async_await_task_delay.swift in Sources */,
				3E01E73E2A903B8800282C83 /* CardView.swift in Sources */,
				3ED700F429F9273900DA3E60 /* Swift_ConcurrencyApp.swift in Sources */,
			);
			runOnlyForDeploymentPostprocessing = 0;
		};
/* End PBXSourcesBuildPhase section */

/* Begin XCBuildConfiguration section */
		3ED700FC29F9273A00DA3E60 /* Debug */ = {
			isa = XCBuildConfiguration;
			buildSettings = {
				ALWAYS_SEARCH_USER_PATHS = NO;
				CLANG_ANALYZER_NONNULL = YES;
				CLANG_ANALYZER_NUMBER_OBJECT_CONVERSION = YES_AGGRESSIVE;
				CLANG_CXX_LANGUAGE_STANDARD = "gnu++20";
				CLANG_ENABLE_MODULES = YES;
				CLANG_ENABLE_OBJC_ARC = YES;
				CLANG_ENABLE_OBJC_WEAK = YES;
				CLANG_WARN_BLOCK_CAPTURE_AUTORELEASING = YES;
				CLANG_WARN_BOOL_CONVERSION = YES;
				CLANG_WARN_COMMA = YES;
				CLANG_WARN_CONSTANT_CONVERSION = YES;
				CLANG_WARN_DEPRECATED_OBJC_IMPLEMENTATIONS = YES;
				CLANG_WARN_DIRECT_OBJC_ISA_USAGE = YES_ERROR;
				CLANG_WARN_DOCUMENTATION_COMMENTS = YES;
				CLANG_WARN_EMPTY_BODY = YES;
				CLANG_WARN_ENUM_CONVERSION = YES;
				CLANG_WARN_INFINITE_RECURSION = YES;
				CLANG_WARN_INT_CONVERSION = YES;
				CLANG_WARN_NON_LITERAL_NULL_CONVERSION = YES;
				CLANG_WARN_OBJC_IMPLICIT_RETAIN_SELF = YES;
				CLANG_WARN_OBJC_LITERAL_CONVERSION = YES;
				CLANG_WARN_OBJC_ROOT_CLASS = YES_ERROR;
				CLANG_WARN_QUOTED_INCLUDE_IN_FRAMEWORK_HEADER = YES;
				CLANG_WARN_RANGE_LOOP_ANALYSIS = YES;
				CLANG_WARN_STRICT_PROTOTYPES = YES;
				CLANG_WARN_SUSPICIOUS_MOVE = YES;
				CLANG_WARN_UNGUARDED_AVAILABILITY = YES_AGGRESSIVE;
				CLANG_WARN_UNREACHABLE_CODE = YES;
				CLANG_WARN__DUPLICATE_METHOD_MATCH = YES;
				COPY_PHASE_STRIP = NO;
				DEBUG_INFORMATION_FORMAT = dwarf;
				ENABLE_STRICT_OBJC_MSGSEND = YES;
				ENABLE_TESTABILITY = YES;
				GCC_C_LANGUAGE_STANDARD = gnu11;
				GCC_DYNAMIC_NO_PIC = NO;
				GCC_NO_COMMON_BLOCKS = YES;
				GCC_OPTIMIZATION_LEVEL = 0;
				GCC_PREPROCESSOR_DEFINITIONS = (
					"DEBUG=1",
					"$(inherited)",
				);
				GCC_WARN_64_TO_32_BIT_CONVERSION = YES;
				GCC_WARN_ABOUT_RETURN_TYPE = YES_ERROR;
				GCC_WARN_UNDECLARED_SELECTOR = YES;
				GCC_WARN_UNINITIALIZED_AUTOS = YES_AGGRESSIVE;
				GCC_WARN_UNUSED_FUNCTION = YES;
				GCC_WARN_UNUSED_VARIABLE = YES;
				IPHONEOS_DEPLOYMENT_TARGET = 16.2;
				MTL_ENABLE_DEBUG_INFO = INCLUDE_SOURCE;
				MTL_FAST_MATH = YES;
				ONLY_ACTIVE_ARCH = YES;
				SDKROOT = iphoneos;
				SWIFT_ACTIVE_COMPILATION_CONDITIONS = DEBUG;
				SWIFT_OPTIMIZATION_LEVEL = "-Onone";
			};
			name = Debug;
		};
		3ED700FD29F9273A00DA3E60 /* Release */ = {
			isa = XCBuildConfiguration;
			buildSettings = {
				ALWAYS_SEARCH_USER_PATHS = NO;
				CLANG_ANALYZER_NONNULL = YES;
				CLANG_ANALYZER_NUMBER_OBJECT_CONVERSION = YES_AGGRESSIVE;
				CLANG_CXX_LANGUAGE_STANDARD = "gnu++20";
				CLANG_ENABLE_MODULES = YES;
				CLANG_ENABLE_OBJC_ARC = YES;
				CLANG_ENABLE_OBJC_WEAK = YES;
				CLANG_WARN_BLOCK_CAPTURE_AUTORELEASING = YES;
				CLANG_WARN_BOOL_CONVERSION = YES;
				CLANG_WARN_COMMA = YES;
				CLANG_WARN_CONSTANT_CONVERSION = YES;
				CLANG_WARN_DEPRECATED_OBJC_IMPLEMENTATIONS = YES;
				CLANG_WARN_DIRECT_OBJC_ISA_USAGE = YES_ERROR;
				CLANG_WARN_DOCUMENTATION_COMMENTS = YES;
				CLANG_WARN_EMPTY_BODY = YES;
				CLANG_WARN_ENUM_CONVERSION = YES;
				CLANG_WARN_INFINITE_RECURSION = YES;
				CLANG_WARN_INT_CONVERSION = YES;
				CLANG_WARN_NON_LITERAL_NULL_CONVERSION = YES;
				CLANG_WARN_OBJC_IMPLICIT_RETAIN_SELF = YES;
				CLANG_WARN_OBJC_LITERAL_CONVERSION = YES;
				CLANG_WARN_OBJC_ROOT_CLASS = YES_ERROR;
				CLANG_WARN_QUOTED_INCLUDE_IN_FRAMEWORK_HEADER = YES;
				CLANG_WARN_RANGE_LOOP_ANALYSIS = YES;
				CLANG_WARN_STRICT_PROTOTYPES = YES;
				CLANG_WARN_SUSPICIOUS_MOVE = YES;
				CLANG_WARN_UNGUARDED_AVAILABILITY = YES_AGGRESSIVE;
				CLANG_WARN_UNREACHABLE_CODE = YES;
				CLANG_WARN__DUPLICATE_METHOD_MATCH = YES;
				COPY_PHASE_STRIP = NO;
				DEBUG_INFORMATION_FORMAT = "dwarf-with-dsym";
				ENABLE_NS_ASSERTIONS = NO;
				ENABLE_STRICT_OBJC_MSGSEND = YES;
				GCC_C_LANGUAGE_STANDARD = gnu11;
				GCC_NO_COMMON_BLOCKS = YES;
				GCC_WARN_64_TO_32_BIT_CONVERSION = YES;
				GCC_WARN_ABOUT_RETURN_TYPE = YES_ERROR;
				GCC_WARN_UNDECLARED_SELECTOR = YES;
				GCC_WARN_UNINITIALIZED_AUTOS = YES_AGGRESSIVE;
				GCC_WARN_UNUSED_FUNCTION = YES;
				GCC_WARN_UNUSED_VARIABLE = YES;
				IPHONEOS_DEPLOYMENT_TARGET = 16.2;
				MTL_ENABLE_DEBUG_INFO = NO;
				MTL_FAST_MATH = YES;
				SDKROOT = iphoneos;
				SWIFT_COMPILATION_MODE = wholemodule;
				SWIFT_OPTIMIZATION_LEVEL = "-O";
				VALIDATE_PRODUCT = YES;
			};
			name = Release;
		};
		3ED700FF29F9273A00DA3E60 /* Debug */ = {
			isa = XCBuildConfiguration;
			buildSettings = {
				ASSETCATALOG_COMPILER_APPICON_NAME = AppIcon;
				ASSETCATALOG_COMPILER_GLOBAL_ACCENT_COLOR_NAME = AccentColor;
				CODE_SIGN_STYLE = Automatic;
				CURRENT_PROJECT_VERSION = 1;
				DEVELOPMENT_ASSET_PATHS = "\"Swift_Concurrency/Preview Content\"";
				DEVELOPMENT_TEAM = 78B5GQU47L;
				ENABLE_PREVIEWS = YES;
				GENERATE_INFOPLIST_FILE = YES;
				INFOPLIST_KEY_UIApplicationSceneManifest_Generation = YES;
				INFOPLIST_KEY_UIApplicationSupportsIndirectInputEvents = YES;
				INFOPLIST_KEY_UILaunchScreen_Generation = YES;
				INFOPLIST_KEY_UISupportedInterfaceOrientations_iPad = "UIInterfaceOrientationPortrait UIInterfaceOrientationPortraitUpsideDown UIInterfaceOrientationLandscapeLeft UIInterfaceOrientationLandscapeRight";
				INFOPLIST_KEY_UISupportedInterfaceOrientations_iPhone = "UIInterfaceOrientationPortrait UIInterfaceOrientationLandscapeLeft UIInterfaceOrientationLandscapeRight";
				LD_RUNPATH_SEARCH_PATHS = (
					"$(inherited)",
					"@executable_path/Frameworks",
				);
				MARKETING_VERSION = 1.0;
				PRODUCT_BUNDLE_IDENTIFIER = "faridJemmy022.Swift-Concurrency";
				PRODUCT_NAME = "$(TARGET_NAME)";
				SWIFT_EMIT_LOC_STRINGS = YES;
				SWIFT_VERSION = 5.0;
				TARGETED_DEVICE_FAMILY = "1,2";
			};
			name = Debug;
		};
		3ED7010029F9273A00DA3E60 /* Release */ = {
			isa = XCBuildConfiguration;
			buildSettings = {
				ASSETCATALOG_COMPILER_APPICON_NAME = AppIcon;
				ASSETCATALOG_COMPILER_GLOBAL_ACCENT_COLOR_NAME = AccentColor;
				CODE_SIGN_STYLE = Automatic;
				CURRENT_PROJECT_VERSION = 1;
				DEVELOPMENT_ASSET_PATHS = "\"Swift_Concurrency/Preview Content\"";
				DEVELOPMENT_TEAM = 78B5GQU47L;
				ENABLE_PREVIEWS = YES;
				GENERATE_INFOPLIST_FILE = YES;
				INFOPLIST_KEY_UIApplicationSceneManifest_Generation = YES;
				INFOPLIST_KEY_UIApplicationSupportsIndirectInputEvents = YES;
				INFOPLIST_KEY_UILaunchScreen_Generation = YES;
				INFOPLIST_KEY_UISupportedInterfaceOrientations_iPad = "UIInterfaceOrientationPortrait UIInterfaceOrientationPortraitUpsideDown UIInterfaceOrientationLandscapeLeft UIInterfaceOrientationLandscapeRight";
				INFOPLIST_KEY_UISupportedInterfaceOrientations_iPhone = "UIInterfaceOrientationPortrait UIInterfaceOrientationLandscapeLeft UIInterfaceOrientationLandscapeRight";
				LD_RUNPATH_SEARCH_PATHS = (
					"$(inherited)",
					"@executable_path/Frameworks",
				);
				MARKETING_VERSION = 1.0;
				PRODUCT_BUNDLE_IDENTIFIER = "faridJemmy022.Swift-Concurrency";
				PRODUCT_NAME = "$(TARGET_NAME)";
				SWIFT_EMIT_LOC_STRINGS = YES;
				SWIFT_VERSION = 5.0;
				TARGETED_DEVICE_FAMILY = "1,2";
			};
			name = Release;
		};
/* End XCBuildConfiguration section */

/* Begin XCConfigurationList section */
		3ED700EB29F9273900DA3E60 /* Build configuration list for PBXProject "Swift_Concurrency" */ = {
			isa = XCConfigurationList;
			buildConfigurations = (
				3ED700FC29F9273A00DA3E60 /* Debug */,
				3ED700FD29F9273A00DA3E60 /* Release */,
			);
			defaultConfigurationIsVisible = 0;
			defaultConfigurationName = Release;
		};
		3ED700FE29F9273A00DA3E60 /* Build configuration list for PBXNativeTarget "Swift_Concurrency" */ = {
			isa = XCConfigurationList;
			buildConfigurations = (
				3ED700FF29F9273A00DA3E60 /* Debug */,
				3ED7010029F9273A00DA3E60 /* Release */,
			);
			defaultConfigurationIsVisible = 0;
			defaultConfigurationName = Release;
		};
/* End XCConfigurationList section */
	};
	rootObject = 3ED700E829F9273900DA3E60 /* Project object */;
}
